
Microsoft Visual Studio Solution File, Format Version 12.00
# Visual Studio 15
VisualStudioVersion = 15.0.28307.645
MinimumVisualStudioVersion = 10.0.40219.1
Project("{FAE04EC0-301F-11D3-BF4B-00C04F79EFBC}") = "WPFHalo1", "WPFHalo1\WPFHalo1.csproj", "{6740EA55-104E-478E-8AE0-485750843300}"
EndProject
Global
	GlobalSection(SolutionConfigurationPlatforms) = preSolution
		Debug|Any CPU = Debug|Any CPU
		Release|Any CPU = Release|Any CPU
	EndGlobalSection
	GlobalSection(ProjectConfigurationPlatforms) = postSolution
		{6740EA55-104E-478E-8AE0-485750843300}.Debug|Any CPU.ActiveCfg = Debug|Any CPU
		{6740EA55-104E-478E-8AE0-485750843300}.Debug|Any CPU.Build.0 = Debug|Any CPU
		{6740EA55-104E-478E-8AE0-485750843300}.Release|Any CPU.ActiveCfg = Release|Any CPU
		{6740EA55-104E-478E-8AE0-485750843300}.Release|Any CPU.Build.0 = Release|Any CPU
	EndGlobalSection
	GlobalSection(SolutionProperties) = preSolution
		HideSolutionNode = FALSE
	EndGlobalSection
	GlobalSection(ExtensibilityGlobals) = postSolution
		SolutionGuid = {84AD94F7-9D74-4202-AD29-4C58C9D4ACEB}
	EndGlobalSection
EndGlobal
